# THIS IS AN AUTOGENERATED FILE. DO NOT EDIT THIS FILE DIRECTLY.
# yarn lockfile v1


"@remix-run/router@1.3.1":
  version "1.3.1"
  resolved "https://registry.npmjs.org/@remix-run/router/-/router-1.3.1.tgz"
  integrity sha512-+eun1Wtf72RNRSqgU7qM2AMX/oHp+dnx7BHk1qhK5ZHzdHTUU4LA1mGG1vT+jMc8sbhG3orvsfOmryjzx2PzQw==

base64-js@^1.5.1:
  version "1.5.1"
  resolved "https://registry.npmjs.org/base64-js/-/base64-js-1.5.1.tgz"
  integrity sha512-AKpaYlHn8t4SVbOHCy+b5+KKgvR4vrsD8vbvrbiQJps7fKDTkjkDry6ji0rUJjC0kzbNePLwzxq8iypo41qeWA==

classnames@^2.2.1:
  version "2.3.2"
  resolved "https://registry.npmjs.org/classnames/-/classnames-2.3.2.tgz"
  integrity sha512-CSbhY4cFEJRe6/GQzIk5qXZ4Jeg5pcsP7b5peFSDpffpe1cqjASH/n9UTjBwOp6XpMSTwQ8Za2K5V02ueA7Tmw==

js-sha256@^0.9.0:
  version "0.9.0"
  resolved "https://registry.npmjs.org/js-sha256/-/js-sha256-0.9.0.tgz"
  integrity sha512-sga3MHh9sgQN2+pJ9VYZ+1LPwXOxuBJBA5nrR5/ofPfuiJBE2hnjsaN8se8JznOmGLN2p49Pe5U/ttafcs/apA==

"js-tokens@^3.0.0 || ^4.0.0":
  version "4.0.0"
  resolved "https://registry.npmjs.org/js-tokens/-/js-tokens-4.0.0.tgz"
  integrity sha512-RdJUflcE3cUzKiMqQgsCu06FPu9UdIJO0beYbPhHN4k6apgJtifcoCtT9bcxOpYBtpD2kCM6Sbzg4CausW/PKQ==

jwt-decode@^3.1.2:
  version "3.1.2"
  resolved "https://registry.npmjs.org/jwt-decode/-/jwt-decode-3.1.2.tgz"
  integrity sha512-UfpWE/VZn0iP50d8cz9NrZLM9lSWhcJ+0Gt/nm4by88UL+J1SiKN8/5dkjMmbEzwL2CAe+67GsegCbIKtbp75A==

keycloak-js@^21.1.1:
  version "21.1.1"
  resolved "https://registry.npmjs.org/keycloak-js/-/keycloak-js-21.1.1.tgz"
  integrity sha512-Viyhf0SOpu2jM/A33vpigSCFLo8l4yg8lqzaGyxXoZ3nGO9lo68B2LwJBDtgpzqDUh8DK//yCOzdWuR2CT4keA==
  dependencies:
    base64-js "^1.5.1"
    js-sha256 "^0.9.0"

loose-envify@^1.1.0, loose-envify@^1.4.0:
  version "1.4.0"
  resolved "https://registry.npmjs.org/loose-envify/-/loose-envify-1.4.0.tgz"
  integrity sha512-lyuxPGr/Wfhrlem2CL/UcnUc1zcqKAImBDzukY7Y5F/yQiNdko6+fRLevlw1HgMySw7f611UIY408EtxRSoK3Q==
  dependencies:
    js-tokens "^3.0.0 || ^4.0.0"

moment@^2.29.4:
  version "2.29.4"
  resolved "https://registry.npmjs.org/moment/-/moment-2.29.4.tgz"
  integrity sha512-5LC9SOxjSc2HF6vO2CyuTDNivEdoz2IvyJJGj6X8DJ0eFyfszE0QiEd+iXmBvUP3WHxSjFH/vIsA0EN00cgr8w==

object-assign@^4.1.1:
  version "4.1.1"
  resolved "https://registry.npmjs.org/object-assign/-/object-assign-4.1.1.tgz"
  integrity sha512-rJgTQnkUnH1sFw8yT6VSU3zD3sWmu6sZhIseY8VX+GRu3P6F7Fu+JNDoXfklElbLJSnc3FUQHVe4cU5hj+BcUg==

prop-types@^15.6.0, prop-types@^15.6.2:
  version "15.8.1"
  resolved "https://registry.npmjs.org/prop-types/-/prop-types-15.8.1.tgz"
  integrity sha512-oj87CgZICdulUohogVAR7AjlC0327U4el4L6eAvOqCeudMDVU0NThNaV+b9Df4dXgSP1gXMTnPdhfe/2qDH5cg==
  dependencies:
    loose-envify "^1.4.0"
    object-assign "^4.1.1"
    react-is "^16.13.1"

react-dom@>=16.8:
  version "18.2.0"
  resolved "https://registry.npmjs.org/react-dom/-/react-dom-18.2.0.tgz"
  integrity sha512-6IMTriUmvsjHUjNtEDudZfuDQUoWXVxKHhlEGSk81n4YFS+r/Kl99wXiwlVXtPBtJenozv2P+hxDsw9eA7Xo6g==
  dependencies:
    loose-envify "^1.1.0"
    scheduler "^0.23.0"

react-is@^16.13.1:
  version "16.13.1"
  resolved "https://registry.npmjs.org/react-is/-/react-is-16.13.1.tgz"
  integrity sha512-24e6ynE2H+OKt4kqsOvNd8kBpV65zoxbA4BVsEOB3ARVWQki/DHzaUoC5KuON/BiccDaCCTZBuOcfZs70kR8bQ==

react-router-dom@^6.8.0:
  version "6.8.0"
  resolved "https://registry.npmjs.org/react-router-dom/-/react-router-dom-6.8.0.tgz"
  integrity sha512-hQouduSTywGJndE86CXJ2h7YEy4HYC6C/uh19etM+79FfQ6cFFFHnHyDlzO4Pq0eBUI96E4qVE5yUjA00yJZGQ==
  dependencies:
    "@remix-run/router" "1.3.1"
    react-router "6.8.0"

react-router@6.8.0:
  version "6.8.0"
  resolved "https://registry.npmjs.org/react-router/-/react-router-6.8.0.tgz"
  integrity sha512-760bk7y3QwabduExtudhWbd88IBbuD1YfwzpuDUAlJUJ7laIIcqhMvdhSVh1Fur1PE8cGl84L0dxhR3/gvHF7A==
  dependencies:
    "@remix-run/router" "1.3.1"

react-star-ratings@^2.3.0:
  version "2.3.0"
  resolved "https://registry.npmjs.org/react-star-ratings/-/react-star-ratings-2.3.0.tgz"
  integrity sha512-34Z/oFNDRRn4ZcX7F3t9ccnpo7SQ32gD/vsusQOBc6B6vlqaGR6tke1/Yx3jTDjemKRSmXqhKgpPTR7/JAXq6A==
  dependencies:
    classnames "^2.2.1"
    prop-types "^15.6.0"
    react "^16.1.0"

react@^16.1.0:
  version "16.14.0"
  resolved "https://registry.npmjs.org/react/-/react-16.14.0.tgz"
  integrity sha512-0X2CImDkJGApiAlcf0ODKIneSwBPhqJawOa5wCtKbu7ZECrmS26NvtSILynQ66cgkT/RJ4LidJOc3bUESwmU8g==
  dependencies:
    loose-envify "^1.1.0"
    object-assign "^4.1.1"
    prop-types "^15.6.2"

react@^18.2.0, react@>=16.8:
  version "18.2.0"
  resolved "https://registry.npmjs.org/react/-/react-18.2.0.tgz"
  integrity sha512-/3IjMdb2L9QbBdWiW5e3P2/npwMBaU9mHCSCUzNln0ZCYbcfTsGbTJrU/kGemdH2IWmB2ioZ+zkxtmq6g09fGQ==
  dependencies:
    loose-envify "^1.1.0"

scheduler@^0.23.0:
  version "0.23.0"
  resolved "https://registry.npmjs.org/scheduler/-/scheduler-0.23.0.tgz"
  integrity sha512-CtuThmgHNg7zIZWAXi3AsyIzA3n4xx7aNyjwC2VJldO2LMVDhFK+63xGqq6CsJH4rTAt6/M+N4GhZiDYPx9eUw==
  dependencies:
    loose-envify "^1.1.0"
